
Microsoft Visual Studio Solution File, Format Version 12.00
# Visual Studio Version 17
VisualStudioVersion = 17.3.32804.467
MinimumVisualStudioVersion = 10.0.40219.1
Project("{FAE04EC0-301F-11D3-BF4B-00C04F79EFBC}") = "DiscussionForum.Web", "DiscussionForum.Web\DiscussionForum.Web.csproj", "{6092CE2B-562B-4AB1-8BF2-35FB4882CFB1}"
EndProject
Global
	GlobalSection(SolutionConfigurationPlatforms) = preSolution
		Debug|Any CPU = Debug|Any CPU
		Release|Any CPU = Release|Any CPU
	EndGlobalSection
	GlobalSection(ProjectConfigurationPlatforms) = postSolution
		{6092CE2B-562B-4AB1-8BF2-35FB4882CFB1}.Debug|Any CPU.ActiveCfg = Debug|Any CPU
		{6092CE2B-562B-4AB1-8BF2-35FB4882CFB1}.Debug|Any CPU.Build.0 = Debug|Any CPU
		{6092CE2B-562B-4AB1-8BF2-35FB4882CFB1}.Release|Any CPU.ActiveCfg = Release|Any CPU
		{6092CE2B-562B-4AB1-8BF2-35FB4882CFB1}.Release|Any CPU.Build.0 = Release|Any CPU
	EndGlobalSection
	GlobalSection(SolutionProperties) = preSolution
		HideSolutionNode = FALSE
	EndGlobalSection
	GlobalSection(ExtensibilityGlobals) = postSolution
		SolutionGuid = {16E15B2B-17B7-42E8-A42E-B1877EDA269A}
	EndGlobalSection
EndGlobal
